
Microsoft Visual Studio Solution File, Format Version 12.00
# Visual Studio Version 17
VisualStudioVersion = 17.0.31903.59
MinimumVisualStudioVersion = 10.0.40219.1
Project("{2150E333-8FDC-42A3-9474-1A3956D46DE8}") = "src", "src", "{827E0CD3-B72D-47B6-A68D-7590B98EB39B}"
EndProject
Project("{FAE04EC0-301F-11D3-BF4B-00C04F79EFBC}") = "TechChallenge.Web", "src\TechChallenge.Web\TechChallenge.Web.csproj", "{57FDF6CA-7505-4726-9FB1-C283F171B428}"
EndProject
Project("{2150E333-8FDC-42A3-9474-1A3956D46DE8}") = "tests", "tests", "{0AB3BF05-4346-4AA6-1389-037BE0695223}"
EndProject
Project("{FAE04EC0-301F-11D3-BF4B-00C04F79EFBC}") = "TechChallenge.Tests", "tests\TechChallenge.Tests\TechChallenge.Tests.csproj", "{1C5D0F90-118A-40A6-A6C8-93C62D3ABBAB}"
EndProject
Global
	GlobalSection(SolutionConfigurationPlatforms) = preSolution
		Debug|Any CPU = Debug|Any CPU
		Debug|x64 = Debug|x64
		Debug|x86 = Debug|x86
		Release|Any CPU = Release|Any CPU
		Release|x64 = Release|x64
		Release|x86 = Release|x86
	EndGlobalSection
	GlobalSection(ProjectConfigurationPlatforms) = postSolution
		{57FDF6CA-7505-4726-9FB1-C283F171B428}.Debug|Any CPU.ActiveCfg = Debug|Any CPU
		{57FDF6CA-7505-4726-9FB1-C283F171B428}.Debug|Any CPU.Build.0 = Debug|Any CPU
		{57FDF6CA-7505-4726-9FB1-C283F171B428}.Debug|x64.ActiveCfg = Debug|Any CPU
		{57FDF6CA-7505-4726-9FB1-C283F171B428}.Debug|x64.Build.0 = Debug|Any CPU
		{57FDF6CA-7505-4726-9FB1-C283F171B428}.Debug|x86.ActiveCfg = Debug|Any CPU
		{57FDF6CA-7505-4726-9FB1-C283F171B428}.Debug|x86.Build.0 = Debug|Any CPU
		{57FDF6CA-7505-4726-9FB1-C283F171B428}.Release|Any CPU.ActiveCfg = Release|Any CPU
		{57FDF6CA-7505-4726-9FB1-C283F171B428}.Release|Any CPU.Build.0 = Release|Any CPU
		{57FDF6CA-7505-4726-9FB1-C283F171B428}.Release|x64.ActiveCfg = Release|Any CPU
		{57FDF6CA-7505-4726-9FB1-C283F171B428}.Release|x64.Build.0 = Release|Any CPU
		{57FDF6CA-7505-4726-9FB1-C283F171B428}.Release|x86.ActiveCfg = Release|Any CPU
		{57FDF6CA-7505-4726-9FB1-C283F171B428}.Release|x86.Build.0 = Release|Any CPU
		{1C5D0F90-118A-40A6-A6C8-93C62D3ABBAB}.Debug|Any CPU.ActiveCfg = Debug|Any CPU
		{1C5D0F90-118A-40A6-A6C8-93C62D3ABBAB}.Debug|Any CPU.Build.0 = Debug|Any CPU
		{1C5D0F90-118A-40A6-A6C8-93C62D3ABBAB}.Debug|x64.ActiveCfg = Debug|Any CPU
		{1C5D0F90-118A-40A6-A6C8-93C62D3ABBAB}.Debug|x64.Build.0 = Debug|Any CPU
		{1C5D0F90-118A-40A6-A6C8-93C62D3ABBAB}.Debug|x86.ActiveCfg = Debug|Any CPU
		{1C5D0F90-118A-40A6-A6C8-93C62D3ABBAB}.Debug|x86.Build.0 = Debug|Any CPU
		{1C5D0F90-118A-40A6-A6C8-93C62D3ABBAB}.Release|Any CPU.ActiveCfg = Release|Any CPU
		{1C5D0F90-118A-40A6-A6C8-93C62D3ABBAB}.Release|Any CPU.Build.0 = Release|Any CPU
		{1C5D0F90-118A-40A6-A6C8-93C62D3ABBAB}.Release|x64.ActiveCfg = Release|Any CPU
		{1C5D0F90-118A-40A6-A6C8-93C62D3ABBAB}.Release|x64.Build.0 = Release|Any CPU
		{1C5D0F90-118A-40A6-A6C8-93C62D3ABBAB}.Release|x86.ActiveCfg = Release|Any CPU
		{1C5D0F90-118A-40A6-A6C8-93C62D3ABBAB}.Release|x86.Build.0 = Release|Any CPU
	EndGlobalSection
	GlobalSection(SolutionProperties) = preSolution
		HideSolutionNode = FALSE
	EndGlobalSection
	GlobalSection(NestedProjects) = preSolution
		{57FDF6CA-7505-4726-9FB1-C283F171B428} = {827E0CD3-B72D-47B6-A68D-7590B98EB39B}
		{1C5D0F90-118A-40A6-A6C8-93C62D3ABBAB} = {0AB3BF05-4346-4AA6-1389-037BE0695223}
	EndGlobalSection
EndGlobal
